
Microsoft Visual Studio Solution File, Format Version 12.00
# Visual Studio Version 16
VisualStudioVersion = 16.0.29609.76
MinimumVisualStudioVersion = 10.0.40219.1
Project("{FAE04EC0-301F-11D3-BF4B-00C04F79EFBC}") = "login", "login\login.csproj", "{5D6FDB29-8AF4-44B2-A0EB-85A7ABA08EB8}"
EndProject
Global
	GlobalSection(SolutionConfigurationPlatforms) = preSolution
		Debug|Any CPU = Debug|Any CPU
		Release|Any CPU = Release|Any CPU
	EndGlobalSection
	GlobalSection(ProjectConfigurationPlatforms) = postSolution
		{5D6FDB29-8AF4-44B2-A0EB-85A7ABA08EB8}.Debug|Any CPU.ActiveCfg = Debug|Any CPU
		{5D6FDB29-8AF4-44B2-A0EB-85A7ABA08EB8}.Debug|Any CPU.Build.0 = Debug|Any CPU
		{5D6FDB29-8AF4-44B2-A0EB-85A7ABA08EB8}.Release|Any CPU.ActiveCfg = Release|Any CPU
		{5D6FDB29-8AF4-44B2-A0EB-85A7ABA08EB8}.Release|Any CPU.Build.0 = Release|Any CPU
	EndGlobalSection
	GlobalSection(SolutionProperties) = preSolution
		HideSolutionNode = FALSE
	EndGlobalSection
	GlobalSection(ExtensibilityGlobals) = postSolution
		SolutionGuid = {EEB23B5C-EBD9-48AF-99E8-CB7067C9CF12}
	EndGlobalSection
EndGlobal
